
Microsoft Visual Studio Solution File, Format Version 12.00
# Visual Studio 15
Project("{FAE04EC0-301F-11D3-BF4B-00C04F79EFBC}") = "shootGame", "Assembly-CSharp-firstpass.csproj", "{101E2E77-5172-B7A9-41C3-CA3F229BA3EE}"
EndProject
Project("{FAE04EC0-301F-11D3-BF4B-00C04F79EFBC}") = "shootGame", "Assembly-CSharp.csproj", "{83AD0107-E77D-A1BF-E1CC-4395B6FC33E4}"
EndProject
Project("{FAE04EC0-301F-11D3-BF4B-00C04F79EFBC}") = "shootGame", "Assembly-CSharp-Editor.csproj", "{7F73526C-9891-4402-0730-AE69B7CBC58F}"
EndProject
Global
	GlobalSection(SolutionConfigurationPlatforms) = preSolution
		Debug|Any CPU = Debug|Any CPU
		Release|Any CPU = Release|Any CPU
	EndGlobalSection
	GlobalSection(ProjectConfigurationPlatforms) = postSolution
		{101E2E77-5172-B7A9-41C3-CA3F229BA3EE}.Debug|Any CPU.ActiveCfg = Debug|Any CPU
		{101E2E77-5172-B7A9-41C3-CA3F229BA3EE}.Debug|Any CPU.Build.0 = Debug|Any CPU
		{101E2E77-5172-B7A9-41C3-CA3F229BA3EE}.Release|Any CPU.ActiveCfg = Release|Any CPU
		{101E2E77-5172-B7A9-41C3-CA3F229BA3EE}.Release|Any CPU.Build.0 = Release|Any CPU
		{83AD0107-E77D-A1BF-E1CC-4395B6FC33E4}.Debug|Any CPU.ActiveCfg = Debug|Any CPU
		{83AD0107-E77D-A1BF-E1CC-4395B6FC33E4}.Debug|Any CPU.Build.0 = Debug|Any CPU
		{83AD0107-E77D-A1BF-E1CC-4395B6FC33E4}.Release|Any CPU.ActiveCfg = Release|Any CPU
		{83AD0107-E77D-A1BF-E1CC-4395B6FC33E4}.Release|Any CPU.Build.0 = Release|Any CPU
		{7F73526C-9891-4402-0730-AE69B7CBC58F}.Debug|Any CPU.ActiveCfg = Debug|Any CPU
		{7F73526C-9891-4402-0730-AE69B7CBC58F}.Debug|Any CPU.Build.0 = Debug|Any CPU
		{7F73526C-9891-4402-0730-AE69B7CBC58F}.Release|Any CPU.ActiveCfg = Release|Any CPU
		{7F73526C-9891-4402-0730-AE69B7CBC58F}.Release|Any CPU.Build.0 = Release|Any CPU
	EndGlobalSection
	GlobalSection(SolutionProperties) = preSolution
		HideSolutionNode = FALSE
	EndGlobalSection
EndGlobal
